{
  "requires": true,
  "lockfileVersion": 1,
  "dependencies": {
    "asap": {
      "version": "2.0.6",
      "resolved": "https://registry.npmjs.org/asap/-/asap-2.0.6.tgz",
      "integrity": "sha1-5QNHYR1+aQlDIIu9r+vLwvuGbUY="
    },
    "base64-js": {
      "version": "1.3.0",
      "resolved": "https://registry.npmjs.org/base64-js/-/base64-js-1.3.0.tgz",
      "integrity": "sha512-ccav/yGvoa80BQDljCxsmmQ3Xvx60/UpBIij5QN21W3wBi/hhIC9OoO+KLpu9IJTS9j4DRVJ3aDDF9cMSoa2lw=="
    },
    "buffer": {
      "version": "5.1.0",
      "resolved": "https://registry.npmjs.org/buffer/-/buffer-5.1.0.tgz",
      "integrity": "sha512-YkIRgwsZwJWTnyQrsBTWefizHh+8GYj3kbL1BTiAQ/9pwpino0G7B2gp5tx/FUBqUlvtxV85KNR3mwfAtv15Yw==",
      "requires": {
        "base64-js": "^1.0.2",
        "ieee754": "^1.1.4"
      }
    },
    "chroma-js": {
      "version": "1.3.7",
      "resolved": "https://registry.npmjs.org/chroma-js/-/chroma-js-1.3.7.tgz",
      "integrity": "sha512-ARq0P94NObL8hdQbgc+E33X9OHiNzdHO7epe3nC/KgxNRxkQcFpzNqnGeFjvOY2GxfVhbia686NXD2jByb1o0g=="
    },
    "clean-tag": {
      "version": "1.0.4",
      "resolved": "https://registry.npmjs.org/clean-tag/-/clean-tag-1.0.4.tgz",
      "integrity": "sha512-PlYwlA+mfgGLf7NLfNm2KxmjNSNo7gJqDVqf8o4tSphqKQ4ZRYlZeMzh9Op04bl+HRIvxe+lMQMKDHYlR7phpA==",
      "requires": {
        "html-tags": "^2.0.0",
        "react": ">=16.0.0",
        "styled-system": ">=1.1 || >=2.0"
      }
    },
    "color": {
      "version": "1.0.3",
      "resolved": "https://registry.npmjs.org/color/-/color-1.0.3.tgz",
      "integrity": "sha1-5I6DLYXxTvaU+0aIEcLVz+cptV0=",
      "requires": {
        "color-convert": "^1.8.2",
        "color-string": "^1.4.0"
      }
    },
    "color-convert": {
      "version": "1.9.2",
      "resolved": "https://registry.npmjs.org/color-convert/-/color-convert-1.9.2.tgz",
      "integrity": "sha512-3NUJZdhMhcdPn8vJ9v2UQJoH0qqoGUkYTgFEPZaPjEtwmmKUfNV46zZmgB2M5M4DCEQHMaCfWHCxiBflLm04Tg==",
      "requires": {
        "color-name": "1.1.1"
      }
    },
    "color-name": {
      "version": "1.1.1",
      "resolved": "https://registry.npmjs.org/color-name/-/color-name-1.1.1.tgz",
      "integrity": "sha1-SxQVMEz1ACjqgWQ2Q72C6gWANok="
    },
    "color-string": {
      "version": "1.5.2",
      "resolved": "https://registry.npmjs.org/color-string/-/color-string-1.5.2.tgz",
      "integrity": "sha1-JuRYFLw8mny9Z1FkikFDRRSnc6k=",
      "requires": {
        "color-name": "^1.0.0",
        "simple-swizzle": "^0.2.2"
      }
    },
    "core-js": {
      "version": "1.2.7",
      "resolved": "https://registry.npmjs.org/core-js/-/core-js-1.2.7.tgz",
      "integrity": "sha1-ZSKUwUZR2yj6k70tX/KYOk8IxjY="
    },
    "css-color-keywords": {
      "version": "1.0.0",
      "resolved": "https://registry.npmjs.org/css-color-keywords/-/css-color-keywords-1.0.0.tgz",
      "integrity": "sha1-/qJhbcZ2spYmhrOvjb2+GAskTgU="
    },
    "css-to-react-native": {
      "version": "2.2.1",
      "resolved": "https://registry.npmjs.org/css-to-react-native/-/css-to-react-native-2.2.1.tgz",
      "integrity": "sha512-v++LRcf633phJiYZBDqtmGPj3+BVof0isd2jgwYLWZJ5YSuhCkrfYtDsNhM6oJthiEco0f9tDVJ1vUkDJNgGEA==",
      "requires": {
        "css-color-keywords": "^1.0.0",
        "fbjs": "^0.8.5",
        "postcss-value-parser": "^3.3.0"
      }
    },
    "encoding": {
      "version": "0.1.12",
      "resolved": "https://registry.npmjs.org/encoding/-/encoding-0.1.12.tgz",
      "integrity": "sha1-U4tm8+5izRq1HsMjgp0flIDHS+s=",
      "requires": {
        "iconv-lite": "~0.4.13"
      }
    },
    "fbjs": {
      "version": "0.8.17",
      "resolved": "https://registry.npmjs.org/fbjs/-/fbjs-0.8.17.tgz",
      "integrity": "sha1-xNWY6taUkRJlPWWIsBpc3Nn5D90=",
      "requires": {
        "core-js": "^1.0.0",
        "isomorphic-fetch": "^2.1.1",
        "loose-envify": "^1.0.0",
        "object-assign": "^4.1.0",
        "promise": "^7.1.1",
        "setimmediate": "^1.0.5",
        "ua-parser-js": "^0.7.18"
      }
    },
    "grid-styled": {
      "version": "4.3.1",
      "resolved": "https://registry.npmjs.org/grid-styled/-/grid-styled-4.3.1.tgz",
      "integrity": "sha512-K2AE4XJWenOTEkmiHj3OdyxdPJju9gIdGMhbI+oHoGaUIhL/UlkzFIiDVgWX6+AA9QMM+wkz0+FdoNPgQ8INNg==",
      "requires": {
        "clean-tag": "^1.0.3",
        "system-components": ">=2.2.0"
      }
    },
    "has-flag": {
      "version": "1.0.0",
      "resolved": "https://registry.npmjs.org/has-flag/-/has-flag-1.0.0.tgz",
      "integrity": "sha1-nZ55MWXOAXoA8AQYxD+UKnsdEfo="
    },
    "history": {
      "version": "4.7.2",
      "resolved": "https://registry.npmjs.org/history/-/history-4.7.2.tgz",
      "integrity": "sha512-1zkBRWW6XweO0NBcjiphtVJVsIQ+SXF29z9DVkceeaSLVMFXHool+fdCZD4spDCfZJCILPILc3bm7Bc+HRi0nA==",
      "requires": {
        "invariant": "^2.2.1",
        "loose-envify": "^1.2.0",
        "resolve-pathname": "^2.2.0",
        "value-equal": "^0.4.0",
        "warning": "^3.0.0"
      },
      "dependencies": {
        "warning": {
          "version": "3.0.0",
          "resolved": "https://registry.npmjs.org/warning/-/warning-3.0.0.tgz",
          "integrity": "sha1-MuU3fLVy3kqwR1O9+IIcAe1gW3w=",
          "requires": {
            "loose-envify": "^1.0.0"
          }
        }
      }
    },
    "hoist-non-react-statics": {
      "version": "2.5.5",
      "resolved": "https://registry.npmjs.org/hoist-non-react-statics/-/hoist-non-react-statics-2.5.5.tgz",
      "integrity": "sha512-rqcy4pJo55FTTLWt+bU8ukscqHeE/e9KWvsOW2b/a3afxQZhwkQdT1rPPCJ0rYXdj4vNcasY8zHTH+jF/qStxw=="
    },
    "html-tags": {
      "version": "2.0.0",
      "resolved": "https://registry.npmjs.org/html-tags/-/html-tags-2.0.0.tgz",
      "integrity": "sha1-ELMKOGCF9Dzt41PMj6fLDe7qZos="
    },
    "iconv-lite": {
      "version": "0.4.23",
      "resolved": "https://registry.npmjs.org/iconv-lite/-/iconv-lite-0.4.23.tgz",
      "integrity": "sha512-neyTUVFtahjf0mB3dZT77u+8O0QB89jFdnBkd5P1JgYPbPaia3gXXOVL2fq8VyU2gMMD7SaN7QukTB/pmXYvDA==",
      "requires": {
        "safer-buffer": ">= 2.1.2 < 3"
      }
    },
    "ieee754": {
      "version": "1.1.12",
      "resolved": "https://registry.npmjs.org/ieee754/-/ieee754-1.1.12.tgz",
      "integrity": "sha512-GguP+DRY+pJ3soyIiGPTvdiVXjZ+DbXOxGpXn3eMvNW4x4irjqXm4wHKscC+TfxSJ0yw/S1F24tqdMNsMZTiLA=="
    },
    "invariant": {
      "version": "2.2.4",
      "resolved": "https://registry.npmjs.org/invariant/-/invariant-2.2.4.tgz",
      "integrity": "sha512-phJfQVBuaJM5raOpJjSfkiD6BpbCE4Ns//LaXl6wGYtUBY83nWS6Rf9tXm2e8VaK60JEjYldbPif/A2B1C2gNA==",
      "requires": {
        "loose-envify": "^1.0.0"
      }
    },
    "is-arrayish": {
      "version": "0.3.2",
      "resolved": "https://registry.npmjs.org/is-arrayish/-/is-arrayish-0.3.2.tgz",
      "integrity": "sha512-eVRqCvVlZbuw3GrM63ovNSNAeA1K16kaR/LRY/92w0zxQ5/1YzwblUX652i4Xs9RwAGjW9d9y6X88t8OaAJfWQ=="
    },
    "is-plain-object": {
      "version": "2.0.4",
      "resolved": "https://registry.npmjs.org/is-plain-object/-/is-plain-object-2.0.4.tgz",
      "integrity": "sha512-h5PpgXkWitc38BBMYawTYMWJHFZJVnBquFE57xFpjB8pJFiF6gZ+bU+WyI/yqXiFR5mdLsgYNaPe8uao6Uv9Og==",
      "requires": {
        "isobject": "^3.0.1"
      }
    },
    "is-stream": {
      "version": "1.1.0",
      "resolved": "https://registry.npmjs.org/is-stream/-/is-stream-1.1.0.tgz",
      "integrity": "sha1-EtSj3U5o4Lec6428hBc66A2RykQ="
    },
    "isarray": {
      "version": "0.0.1",
      "resolved": "https://registry.npmjs.org/isarray/-/isarray-0.0.1.tgz",
      "integrity": "sha1-ihis/Kmo9Bd+Cav8YDiTmwXR7t8="
    },
    "isobject": {
      "version": "3.0.1",
      "resolved": "https://registry.npmjs.org/isobject/-/isobject-3.0.1.tgz",
      "integrity": "sha1-TkMekrEalzFjaqH5yNHMvP2reN8="
    },
    "isomorphic-fetch": {
      "version": "2.2.1",
      "resolved": "https://registry.npmjs.org/isomorphic-fetch/-/isomorphic-fetch-2.2.1.tgz",
      "integrity": "sha1-YRrhrPFPXoH3KVB0coGf6XM1WKk=",
      "requires": {
        "node-fetch": "^1.0.1",
        "whatwg-fetch": ">=0.10.0"
      }
    },
    "js-tokens": {
      "version": "3.0.2",
      "resolved": "https://registry.npmjs.org/js-tokens/-/js-tokens-3.0.2.tgz",
      "integrity": "sha1-mGbfOVECEw449/mWvOtlRDIJwls="
    },
    "loose-envify": {
      "version": "1.3.1",
      "resolved": "https://registry.npmjs.org/loose-envify/-/loose-envify-1.3.1.tgz",
      "integrity": "sha1-0aitM/qc4OcT1l/dCsi3SNR4yEg=",
      "requires": {
        "js-tokens": "^3.0.0"
      }
    },
    "node-fetch": {
      "version": "1.7.3",
      "resolved": "https://registry.npmjs.org/node-fetch/-/node-fetch-1.7.3.tgz",
      "integrity": "sha512-NhZ4CsKx7cYm2vSrBAr2PvFOe6sWDf0UYLRqA6svUYg7+/TSfVAu49jYC4BvQ4Sms9SZgdqGBgroqfDhJdTyKQ==",
      "requires": {
        "encoding": "^0.1.11",
        "is-stream": "^1.0.1"
      }
    },
    "object-assign": {
      "version": "4.1.1",
      "resolved": "https://registry.npmjs.org/object-assign/-/object-assign-4.1.1.tgz",
      "integrity": "sha1-IQmtx5ZYh8/AXLvUQsrIv7s2CGM="
    },
    "path-to-regexp": {
      "version": "1.7.0",
      "resolved": "https://registry.npmjs.org/path-to-regexp/-/path-to-regexp-1.7.0.tgz",
      "integrity": "sha1-Wf3g9DW62suhA6hOnTvGTpa5k30=",
      "requires": {
        "isarray": "0.0.1"
      }
    },
    "postcss-value-parser": {
      "version": "3.3.0",
      "resolved": "https://registry.npmjs.org/postcss-value-parser/-/postcss-value-parser-3.3.0.tgz",
      "integrity": "sha1-h/OPnxj3dKSrTIojL1xc6IcqnRU="
    },
    "promise": {
      "version": "7.3.1",
      "resolved": "https://registry.npmjs.org/promise/-/promise-7.3.1.tgz",
      "integrity": "sha512-nolQXZ/4L+bP/UGlkfaIujX9BKxGwmQ9OT4mOt5yvy8iK1h3wqTEJCijzGANTCCl9nWjY41juyAn2K3Q1hLLTg==",
      "requires": {
        "asap": "~2.0.3"
      }
    },
    "prop-types": {
      "version": "15.6.2",
      "resolved": "https://registry.npmjs.org/prop-types/-/prop-types-15.6.2.tgz",
      "integrity": "sha512-3pboPvLiWD7dkI3qf3KbUe6hKFKa52w+AE0VCqECtf+QHAKgOL37tTaNCnuX1nAAQ4ZhyP+kYVKf8rLmJ/feDQ==",
      "requires": {
        "loose-envify": "^1.3.1",
        "object-assign": "^4.1.1"
      }
    },
    "react": {
      "version": "16.4.1",
      "resolved": "https://registry.npmjs.org/react/-/react-16.4.1.tgz",
      "integrity": "sha512-3GEs0giKp6E0Oh/Y9ZC60CmYgUPnp7voH9fbjWsvXtYFb4EWtgQub0ADSq0sJR0BbHc4FThLLtzlcFaFXIorwg==",
      "requires": {
        "fbjs": "^0.8.16",
        "loose-envify": "^1.1.0",
        "object-assign": "^4.1.1",
        "prop-types": "^15.6.0"
      }
    },
    "react-is": {
      "version": "16.4.1",
      "resolved": "https://registry.npmjs.org/react-is/-/react-is-16.4.1.tgz",
      "integrity": "sha512-xpb0PpALlFWNw/q13A+1aHeyJyLYCg0/cCHPUA43zYluZuIPHaHL3k8OBsTgQtxqW0FhyDEMvi8fZ/+7+r4OSQ=="
    },
    "react-router": {
      "version": "4.3.1",
      "resolved": "https://registry.npmjs.org/react-router/-/react-router-4.3.1.tgz",
      "integrity": "sha512-yrvL8AogDh2X42Dt9iknk4wF4V8bWREPirFfS9gLU1huk6qK41sg7Z/1S81jjTrGHxa3B8R3J6xIkDAA6CVarg==",
      "requires": {
        "history": "^4.7.2",
        "hoist-non-react-statics": "^2.5.0",
        "invariant": "^2.2.4",
        "loose-envify": "^1.3.1",
        "path-to-regexp": "^1.7.0",
        "prop-types": "^15.6.1",
        "warning": "^4.0.1"
      }
    },
    "react-router-dom": {
      "version": "4.3.1",
      "resolved": "https://registry.npmjs.org/react-router-dom/-/react-router-dom-4.3.1.tgz",
      "integrity": "sha512-c/MlywfxDdCp7EnB7YfPMOfMD3tOtIjrQlj/CKfNMBxdmpJP8xcz5P/UAFn3JbnQCNUxsHyVVqllF9LhgVyFCA==",
      "requires": {
        "history": "^4.7.2",
        "invariant": "^2.2.4",
        "loose-envify": "^1.3.1",
        "prop-types": "^15.6.1",
        "react-router": "^4.3.1",
        "warning": "^4.0.1"
      }
    },
    "rebass": {
      "version": "2.0.0-10",
      "resolved": "https://registry.npmjs.org/rebass/-/rebass-2.0.0-10.tgz",
      "integrity": "sha512-4qwV52eL0NdOof4bvq9unI8Mcs2X/yNh1OZbNpijZTm9fKawQS9I8qIjFJLt5Ci7DGIbheUM6pWhDeHLcWufdA==",
      "requires": {
        "chroma-js": "^1.3.6",
        "grid-styled": "^4.2.0",
        "prop-types": "^15.6.0",
        "styled-system": "^2.3.1",
        "system-components": "^2.2.1"
      }
    },
    "resolve-pathname": {
      "version": "2.2.0",
      "resolved": "https://registry.npmjs.org/resolve-pathname/-/resolve-pathname-2.2.0.tgz",
      "integrity": "sha512-bAFz9ld18RzJfddgrO2e/0S2O81710++chRMUxHjXOYKF6jTAMrUNZrEZ1PvV0zlhfjidm08iRPdTLPno1FuRg=="
    },
    "safer-buffer": {
      "version": "2.1.2",
      "resolved": "https://registry.npmjs.org/safer-buffer/-/safer-buffer-2.1.2.tgz",
      "integrity": "sha512-YZo3K82SD7Riyi0E1EQPojLz7kpepnSQI9IyPbHHg1XXXevb5dJI7tpyN2ADxGcQbHG7vcyRHk0cbwqcQriUtg=="
    },
    "setimmediate": {
      "version": "1.0.5",
      "resolved": "https://registry.npmjs.org/setimmediate/-/setimmediate-1.0.5.tgz",
      "integrity": "sha1-KQy7Iy4waULX1+qbg3Mqt4VvgoU="
    },
    "simple-swizzle": {
      "version": "0.2.2",
      "resolved": "https://registry.npmjs.org/simple-swizzle/-/simple-swizzle-0.2.2.tgz",
      "integrity": "sha1-pNprY1/8zMoz9w0Xy5JZLeleVXo=",
      "requires": {
        "is-arrayish": "^0.3.1"
      }
    },
    "styled-alert-component": {
      "version": "1.3.0",
      "resolved": "https://registry.npmjs.org/styled-alert-component/-/styled-alert-component-1.3.0.tgz",
      "integrity": "sha1-4m9X/5HKSRja+1q2J6VYtbrsLZM=",
      "requires": {
        "styled-base-components": "^1.3.0"
      }
    },
    "styled-badge-component": {
      "version": "1.3.0",
      "resolved": "https://registry.npmjs.org/styled-badge-component/-/styled-badge-component-1.3.0.tgz",
      "integrity": "sha1-8uGygQTK9MzkW1Ks9Z9gPZ4W0/g=",
      "requires": {
        "styled-base-components": "^1.3.0"
      }
    },
    "styled-base-components": {
      "version": "1.3.0",
      "resolved": "https://registry.npmjs.org/styled-base-components/-/styled-base-components-1.3.0.tgz",
      "integrity": "sha1-LkeVv7P+qswAg+ck7Vo7YfZaFV4="
    },
    "styled-bootstrap-components": {
      "version": "2.0.0",
      "resolved": "https://registry.npmjs.org/styled-bootstrap-components/-/styled-bootstrap-components-2.0.0.tgz",
      "integrity": "sha1-rtQXu1zG/HPy4i9M+qMb7pXycH8=",
      "requires": {
        "styled-alert-component": "^1.3.0",
        "styled-badge-component": "^1.3.0",
        "styled-base-components": "^1.3.0",
        "styled-breadcrumb-component": "^1.3.0",
        "styled-button-component": "^2.0.0",
        "styled-card-component": "^1.3.0",
        "styled-config": "^2.0.0",
        "styled-container-component": "^2.0.0",
        "styled-dropdown-component": "^1.3.0",
        "styled-form-component": "^2.0.0",
        "styled-grid-system-component": "^2.0.0",
        "styled-jumbotron-component": "^2.0.0",
        "styled-listgroup-component": "^1.3.0",
        "styled-modal-component": "^2.0.0",
        "styled-nav-component": "^2.0.0",
        "styled-navbar-component": "^2.0.0",
        "styled-popover-component": "^1.3.0",
        "styled-table-component": "^1.3.0",
        "styled-tooltip-component": "^1.3.0"
      }
    },
    "styled-breadcrumb-component": {
      "version": "1.3.0",
      "resolved": "https://registry.npmjs.org/styled-breadcrumb-component/-/styled-breadcrumb-component-1.3.0.tgz",
      "integrity": "sha1-+VYG1I3m6mGk5wqTQ3CVkwRmIqI=",
      "requires": {
        "styled-base-components": "^1.3.0"
      }
    },
    "styled-button-component": {
      "version": "2.0.0",
      "resolved": "https://registry.npmjs.org/styled-button-component/-/styled-button-component-2.0.0.tgz",
      "integrity": "sha1-j9F2iLgCNQmcB8ip6NTvwTu2j7c=",
      "requires": {
        "styled-base-components": "^1.3.0",
        "styled-config": "^2.0.0"
      }
    },
    "styled-card-component": {
      "version": "1.3.0",
      "resolved": "https://registry.npmjs.org/styled-card-component/-/styled-card-component-1.3.0.tgz",
      "integrity": "sha1-wFSO4aeai8ORlFKVypZzd/1jiOs=",
      "requires": {
        "styled-base-components": "^1.3.0"
      }
    },
    "styled-components": {
      "version": "3.3.3",
      "resolved": "https://registry.npmjs.org/styled-components/-/styled-components-3.3.3.tgz",
      "integrity": "sha1-CecCBVqxH3qOq4IpscDQuFUJVoY=",
      "requires": {
        "buffer": "^5.0.3",
        "css-to-react-native": "^2.0.3",
        "fbjs": "^0.8.16",
        "hoist-non-react-statics": "^2.5.0",
        "is-plain-object": "^2.0.1",
        "prop-types": "^15.5.4",
        "react-is": "^16.3.1",
        "stylis": "^3.5.0",
        "stylis-rule-sheet": "^0.0.10",
        "supports-color": "^3.2.3"
      }
    },
    "styled-components-theme": {
      "version": "1.0.5",
      "resolved": "https://registry.npmjs.org/styled-components-theme/-/styled-components-theme-1.0.5.tgz",
      "integrity": "sha512-unmzWhq510t4/EprAZvUN4g+/r/TNUskXqJVffX13Gj4cmSCwnUttrcou+PP6cQMYwpWdL7PMebM40wwnuprfQ==",
      "requires": {
        "color": "^1.0.3"
      }
    },
    "styled-config": {
      "version": "2.0.0",
      "resolved": "https://registry.npmjs.org/styled-config/-/styled-config-2.0.0.tgz",
      "integrity": "sha1-w+FOnC+ihxo6QgigduMkOHc5zZo="
    },
    "styled-container-component": {
      "version": "2.0.0",
      "resolved": "https://registry.npmjs.org/styled-container-component/-/styled-container-component-2.0.0.tgz",
      "integrity": "sha1-0YrqapwlqN+IdcAsPFJJtianT9M=",
      "requires": {
        "styled-base-components": "^1.3.0",
        "styled-config": "^2.0.0"
      }
    },
    "styled-dropdown-component": {
      "version": "1.3.0",
      "resolved": "https://registry.npmjs.org/styled-dropdown-component/-/styled-dropdown-component-1.3.0.tgz",
      "integrity": "sha1-vMeK9oYdTfpPxC6GE8UlhD1tAtE="
    },
    "styled-form-component": {
      "version": "2.0.0",
      "resolved": "https://registry.npmjs.org/styled-form-component/-/styled-form-component-2.0.0.tgz",
      "integrity": "sha1-yjZ9nBVkGVi2TodDhle7zGNzk98=",
      "requires": {
        "styled-base-components": "^1.3.0",
        "styled-config": "^2.0.0"
      }
    },
    "styled-grid-system-component": {
      "version": "2.0.0",
      "resolved": "https://registry.npmjs.org/styled-grid-system-component/-/styled-grid-system-component-2.0.0.tgz",
      "integrity": "sha1-V2lnkbCLAYERsszx8w8AccZwAE4=",
      "requires": {
        "styled-base-components": "^1.3.0",
        "styled-config": "^2.0.0"
      }
    },
    "styled-jumbotron-component": {
      "version": "2.0.0",
      "resolved": "https://registry.npmjs.org/styled-jumbotron-component/-/styled-jumbotron-component-2.0.0.tgz",
      "integrity": "sha1-FeVmtMD6yZaWY/dEXMmEAsyLqNg=",
      "requires": {
        "styled-config": "^2.0.0"
      }
    },
    "styled-listgroup-component": {
      "version": "1.3.0",
      "resolved": "https://registry.npmjs.org/styled-listgroup-component/-/styled-listgroup-component-1.3.0.tgz",
      "integrity": "sha1-bvJyK+V7oJXd8DpbX8cT1rpsiFs=",
      "requires": {
        "styled-base-components": "^1.3.0"
      }
    },
    "styled-modal-component": {
      "version": "2.0.0",
      "resolved": "https://registry.npmjs.org/styled-modal-component/-/styled-modal-component-2.0.0.tgz",
      "integrity": "sha1-H7qb5oT09A/BYntcU1DcohpKJjE=",
      "requires": {
        "styled-base-components": "^1.3.0",
        "styled-config": "^2.0.0"
      }
    },
    "styled-nav-component": {
      "version": "2.0.0",
      "resolved": "https://registry.npmjs.org/styled-nav-component/-/styled-nav-component-2.0.0.tgz",
      "integrity": "sha1-jktoAkyjbHIdIKPbuoLnraF+rr0=",
      "requires": {
        "styled-base-components": "^1.3.0",
        "styled-config": "^2.0.0"
      }
    },
    "styled-navbar-component": {
      "version": "2.0.0",
      "resolved": "https://registry.npmjs.org/styled-navbar-component/-/styled-navbar-component-2.0.0.tgz",
      "integrity": "sha1-X0j/MfkY7Gj4GwpmRuBbCtDcM2k=",
      "requires": {
        "styled-base-components": "^1.3.0",
        "styled-config": "^2.0.0",
        "styled-nav-component": "^2.0.0"
      }
    },
    "styled-popover-component": {
      "version": "1.3.0",
      "resolved": "https://registry.npmjs.org/styled-popover-component/-/styled-popover-component-1.3.0.tgz",
      "integrity": "sha1-dlK8epO4O9mKX66eb6o6+ABF/oY=",
      "requires": {
        "styled-base-components": "^1.3.0"
      }
    },
    "styled-system": {
      "version": "2.3.2",
      "resolved": "https://registry.npmjs.org/styled-system/-/styled-system-2.3.2.tgz",
      "integrity": "sha512-9B2t6nQm8jLBZejlWcCxSHCsAElGiEwcn+rQmvvpgJH/UyVI89wkiPSMSodMLwbMEov5Rx86cIEmXc3nJaJRuw==",
      "requires": {
        "prop-types": "^15.6.0"
      }
    },
    "styled-table-component": {
      "version": "1.3.0",
      "resolved": "https://registry.npmjs.org/styled-table-component/-/styled-table-component-1.3.0.tgz",
      "integrity": "sha1-l8Hv0LC06JpHoutv0Uj9VUi/smI=",
      "requires": {
        "styled-base-components": "^1.3.0"
      }
    },
    "styled-theming": {
      "version": "2.2.0",
      "resolved": "https://registry.npmjs.org/styled-theming/-/styled-theming-2.2.0.tgz",
      "integrity": "sha1-MITkPUDqq0vBHrr9PeBONiL+434="
    },
    "styled-tooltip-component": {
      "version": "1.3.0",
      "resolved": "https://registry.npmjs.org/styled-tooltip-component/-/styled-tooltip-component-1.3.0.tgz",
      "integrity": "sha1-HA7ZLDwY5sOtxIqNJgOh0PjTIHo="
    },
    "stylis": {
      "version": "3.5.1",
      "resolved": "https://registry.npmjs.org/stylis/-/stylis-3.5.1.tgz",
      "integrity": "sha512-yM4PyeHuwhIOUHNJxi1/Mbq8kVLv4AkyE7IYLP/LK0lIFcr3tRa2H1iZlBYKIxOlf+/jruBTe8DdKSyQX9w4OA=="
    },
    "stylis-rule-sheet": {
      "version": "0.0.10",
      "resolved": "https://registry.npmjs.org/stylis-rule-sheet/-/stylis-rule-sheet-0.0.10.tgz",
      "integrity": "sha512-nTbZoaqoBnmK+ptANthb10ZRZOGC+EmTLLUxeYIuHNkEKcmKgXX1XWKkUBT2Ac4es3NybooPe0SmvKdhKJZAuw=="
    },
    "supports-color": {
      "version": "3.2.3",
      "resolved": "https://registry.npmjs.org/supports-color/-/supports-color-3.2.3.tgz",
      "integrity": "sha1-ZawFBLOVQXHYpklGsq48u4pfVPY=",
      "requires": {
        "has-flag": "^1.0.0"
      }
    },
    "system-components": {
      "version": "2.2.2",
      "resolved": "https://registry.npmjs.org/system-components/-/system-components-2.2.2.tgz",
      "integrity": "sha512-FgfspCQr98r1uBsXkHzJzW8/lDRa116Hib5SDXxSSHcx6R0q2gGeQF/CFtWVQNdKDynbfetoEukgPlR56QSHnA==",
      "requires": {
        "clean-tag": "^1.0.4",
        "styled-system": "^2.3.1"
      }
    },
    "ua-parser-js": {
      "version": "0.7.18",
      "resolved": "https://registry.npmjs.org/ua-parser-js/-/ua-parser-js-0.7.18.tgz",
      "integrity": "sha512-LtzwHlVHwFGTptfNSgezHp7WUlwiqb0gA9AALRbKaERfxwJoiX0A73QbTToxteIAuIaFshhgIZfqK8s7clqgnA=="
    },
    "value-equal": {
      "version": "0.4.0",
      "resolved": "https://registry.npmjs.org/value-equal/-/value-equal-0.4.0.tgz",
      "integrity": "sha512-x+cYdNnaA3CxvMaTX0INdTCN8m8aF2uY9BvEqmxuYp8bL09cs/kWVQPVGcA35fMktdOsP69IgU7wFj/61dJHEw=="
    },
    "warning": {
      "version": "4.0.1",
      "resolved": "https://registry.npmjs.org/warning/-/warning-4.0.1.tgz",
      "integrity": "sha512-rAVtTNZw+cQPjvGp1ox0XC5Q2IBFyqoqh+QII4J/oguyu83Bax1apbo2eqB8bHRS+fqYUBagys6lqUoVwKSmXQ==",
      "requires": {
        "loose-envify": "^1.0.0"
      }
    },
    "whatwg-fetch": {
      "version": "2.0.4",
      "resolved": "https://registry.npmjs.org/whatwg-fetch/-/whatwg-fetch-2.0.4.tgz",
      "integrity": "sha512-dcQ1GWpOD/eEQ97k66aiEVpNnapVj90/+R+SXTPYGHpYBBypfKJEQjLrvMZ7YXbKm21gXd4NcuxUTjiv1YtLng=="
    }
  }
}
